<?xml version="1.0" encoding="utf-8"?>
<Project ToolsVersion="4.0" xmlns="http://schemas.microsoft.com/developer/msbuild/2003">
  <ItemGroup>
    <Filter Include="Source Files">
      <UniqueIdentifier>{4FC737F1-C7A5-4376-A066-2A32D752A2FF}</UniqueIdentifier>
      <Extensions>cpp;c;cc;cxx;c++;cppm;ixx;def;odl;idl;hpj;bat;asm;asmx</Extensions>
    </Filter>
    <Filter Include="Resource Files">
      <UniqueIdentifier>{67DA6AB6-F800-4c08-8B7A-83BB121AAD01}</UniqueIdentifier>
      <Extensions>rc;ico;cur;bmp;dlg;rc2;rct;bin;rgs;gif;jpg;jpeg;jpe;resx;tiff;tif;png;wav;mfcribbon-ms</Extensions>
    </Filter>
    <Filter Include="Header Files">
      <UniqueIdentifier>{93995380-89BD-4b04-88EB-625FBE52EBFB}</UniqueIdentifier>
      <Extensions>h;hh;hpp;hxx;h++;hm;inl;inc;ipp;xsd</Extensions>
    </Filter>
  </ItemGroup>
  <ItemGroup>
    <ClCompile Include="Source.cpp">
      <Filter>Source Files</Filter>
    </ClCompile>
    <ClCompile Include="main.cpp">
      <Filter>Source Files</Filter>
    </ClCompile>
    <ClCompile Include="console.cpp">
      <Filter>Source Files</Filter>
    </ClCompile>
    <ClCompile Include="student.cpp">
      <Filter>Source Files</Filter>
    </ClCompile>
    <ClCompile Include="staff.cpp">
      <Filter>Source Files</Filter>
    </ClCompile>
    <ClCompile Include="course.cpp">
      <Filter>Source Files</Filter>
    </ClCompile>
    <ClCompile Include="Menu.cpp">
      <Filter>Source Files</Filter>
    </ClCompile>
    <ClCompile Include="semester.cpp">
      <Filter>Source Files</Filter>
    </ClCompile>
    <ClCompile Include="DKMon.cpp">
      <Filter>Source Files</Filter>
    </ClCompile>
    <ClCompile Include="SchoolYear.cpp">
      <Filter>Source Files</Filter>
    </ClCompile>
  </ItemGroup>
  <ItemGroup>
    <ClInclude Include="Header.h">
      <Filter>Header Files</Filter>
    </ClInclude>
    <ClInclude Include="console.h">
      <Filter>Header Files</Filter>
    </ClInclude>
    <ClInclude Include="student.h">
      <Filter>Header Files</Filter>
    </ClInclude>
    <ClInclude Include="staff.h">
      <Filter>Header Files</Filter>
    </ClInclude>
    <ClInclude Include="course.h">
      <Filter>Header Files</Filter>
    </ClInclude>
    <ClInclude Include="Semester.h">
      <Filter>Header Files</Filter>
    </ClInclude>
    <ClInclude Include="DKMon.h">
      <Filter>Header Files</Filter>
    </ClInclude>
    <ClInclude Include="SchoolYear.h">
      <Filter>Header Files</Filter>
    </ClInclude>
    <ClInclude Include="Menu.h">
      <Filter>Header Files</Filter>
    </ClInclude>
  </ItemGroup>
  <ItemGroup>
    <Text Include="DSLop.txt">
      <Filter>Resource Files</Filter>
    </Text>
    <Text Include="SchoolYear.txt">
      <Filter>Resource Files</Filter>
    </Text>
    <Text Include="DsGiaoVien.txt">
      <Filter>Resource Files</Filter>
    </Text>
    <Text Include="ListYearStudent.txt">
      <Filter>Resource Files</Filter>
    </Text>
    <Text Include="DLgia.txt">
      <Filter>Resource Files</Filter>
    </Text>
    <Text Include="2ListCourses2021_2022.txt">
      <Filter>Resource Files</Filter>
    </Text>
    <Text Include="2StudentOfSubject2021_2022.txt">
      <Filter>Resource Files</Filter>
    </Text>
    <Text Include="DSLop2021_2022.txt">
      <Filter>Resource Files</Filter>
    </Text>
    <Text Include="DSSinhVien2021_2022.txt">
      <Filter>Resource Files</Filter>
    </Text>
    <Text Include="ListCourses2021_2022.txt">
      <Filter>Resource Files</Filter>
    </Text>
    <Text Include="sesmester2021_2022.txt">
      <Filter>Resource Files</Filter>
    </Text>
    <Text Include="StudentOfSubject2021_2022.txt">
      <Filter>Resource Files</Filter>
    </Text>
    <Text Include="TimeDKHP2021_2022.txt">
      <Filter>Resource Files</Filter>
    </Text>
  </ItemGroup>
  <ItemGroup>
    <None Include="Filecsv.csv">
      <Filter>Resource Files</Filter>
    </None>
    <None Include="21TTH1_Filecsv.csv" />
    <None Include="21KVL1_Filecsv.csv" />
    <None Include="21KDL1_Filecsv.csv" />
    <None Include="21HOH1_Filecsv.csv" />
    <None Include="21HDH1_Filecsv.csv" />
    <None Include="21DTV1_Filecsv.csv" />
    <None Include="21CTT3_Filecsv.csv" />
    <None Include="21CSH2_Filecsv.csv" />
    <None Include="20SHH1_Filecsv.csv" />
    <None Include="20DTV1_Filecsv.csv" />
    <None Include="20DCH1_Filecsv.csv" />
    <None Include="20CTT3C_Filecsv.csv" />
    <None Include="20CTT3B_Filecsv.csv" />
    <None Include="20CTT3A_Filecsv.csv" />
    <None Include="20CTT2_Filecsv.csv" />
    <None Include="20CTT1_Filecsv.csv" />
    <None Include="19TTH1_Filecsv.csv" />
    <None Include="19CTT3_Filecsv.csv" />
    <None Include="20CSH2_Filecsv.csv" />
    <None Include="18HOH1_Filecsv.csv" />
    <None Include="17CTT4_Filecsv.csv" />
  </ItemGroup>
</Project>